
Microsoft Visual Studio Solution File, Format Version 12.00
# Visual Studio 14
VisualStudioVersion = 14.0.24720.0
MinimumVisualStudioVersion = 10.0.40219.1
Project("{FAE04EC0-301F-11D3-BF4B-00C04F79EFBC}") = "NewPlatform.Flexberry.Caching", "NewPlatform.Flexberry.Caching\NewPlatform.Flexberry.Caching.csproj", "{25485DC8-5E29-4E71-AEDA-A73D16B1DB55}"
EndProject
Project("{FAE04EC0-301F-11D3-BF4B-00C04F79EFBC}") = "NewPlatform.Flexberry.Caching.Tests", "NewPlatform.Flexberry.Caching.Tests\NewPlatform.Flexberry.Caching.Tests.csproj", "{974AB5CD-AE28-467C-A19B-F941D7EE2C56}"
EndProject
Project("{2150E333-8FDC-42A3-9474-1A3956D46DE8}") = "NuGet Package", "NuGet Package", "{FACD8555-125E-4AA6-B9C3-52310AEF0606}"
	ProjectSection(SolutionItems) = preProject
		config.install.xdt = config.install.xdt
		config.uninstall.xdt = config.uninstall.xdt
		NewPlatform.Flexberry.Caching.nuspec = NewPlatform.Flexberry.Caching.nuspec
	EndProjectSection
EndProject
Global
	GlobalSection(SolutionConfigurationPlatforms) = preSolution
		Debug|Any CPU = Debug|Any CPU
		Release|Any CPU = Release|Any CPU
	EndGlobalSection
	GlobalSection(ProjectConfigurationPlatforms) = postSolution
		{25485DC8-5E29-4E71-AEDA-A73D16B1DB55}.Debug|Any CPU.ActiveCfg = Debug|Any CPU
		{25485DC8-5E29-4E71-AEDA-A73D16B1DB55}.Debug|Any CPU.Build.0 = Debug|Any CPU
		{25485DC8-5E29-4E71-AEDA-A73D16B1DB55}.Release|Any CPU.ActiveCfg = Release|Any CPU
		{25485DC8-5E29-4E71-AEDA-A73D16B1DB55}.Release|Any CPU.Build.0 = Release|Any CPU
		{974AB5CD-AE28-467C-A19B-F941D7EE2C56}.Debug|Any CPU.ActiveCfg = Debug|Any CPU
		{974AB5CD-AE28-467C-A19B-F941D7EE2C56}.Debug|Any CPU.Build.0 = Debug|Any CPU
		{974AB5CD-AE28-467C-A19B-F941D7EE2C56}.Release|Any CPU.ActiveCfg = Release|Any CPU
		{974AB5CD-AE28-467C-A19B-F941D7EE2C56}.Release|Any CPU.Build.0 = Release|Any CPU
	EndGlobalSection
	GlobalSection(SolutionProperties) = preSolution
		HideSolutionNode = FALSE
	EndGlobalSection
EndGlobal
