
Microsoft Visual Studio Solution File, Format Version 12.00
# Visual Studio Version 16
VisualStudioVersion = 16.0.29102.190
MinimumVisualStudioVersion = 10.0.40219.1
Project("{9A19103F-16F7-4668-BE54-9A1E7A4F7556}") = "NewPlatform.Flexberry.Caching.Tests", "NewPlatform.Flexberry.Caching.Tests\NewPlatform.Flexberry.Caching.Tests.csproj", "{974AB5CD-AE28-467C-A19B-F941D7EE2C56}"
EndProject
Project("{2150E333-8FDC-42A3-9474-1A3956D46DE8}") = "OpenSource", "OpenSource", "{BCC05293-3AB4-4300-88E1-4CB3C341427D}"
	ProjectSection(SolutionItems) = preProject
		.gitignore = .gitignore
		CHANGELOG.md = CHANGELOG.md
		LICENSE = LICENSE
		.github\workflows\main.yml = .github\workflows\main.yml
		README.md = README.md
	EndProjectSection
EndProject
Project("{9A19103F-16F7-4668-BE54-9A1E7A4F7556}") = "NewPlatform.Flexberry.Caching", "NewPlatform.Flexberry.Caching\NewPlatform.Flexberry.Caching.csproj", "{086710CF-D2BD-490B-BFD5-9ADDEC782946}"
EndProject
Global
	GlobalSection(SolutionConfigurationPlatforms) = preSolution
		Debug|Any CPU = Debug|Any CPU
		Release|Any CPU = Release|Any CPU
	EndGlobalSection
	GlobalSection(ProjectConfigurationPlatforms) = postSolution
		{974AB5CD-AE28-467C-A19B-F941D7EE2C56}.Debug|Any CPU.ActiveCfg = Debug|Any CPU
		{974AB5CD-AE28-467C-A19B-F941D7EE2C56}.Debug|Any CPU.Build.0 = Debug|Any CPU
		{974AB5CD-AE28-467C-A19B-F941D7EE2C56}.Release|Any CPU.ActiveCfg = Release|Any CPU
		{974AB5CD-AE28-467C-A19B-F941D7EE2C56}.Release|Any CPU.Build.0 = Release|Any CPU
		{086710CF-D2BD-490B-BFD5-9ADDEC782946}.Debug|Any CPU.ActiveCfg = Debug|Any CPU
		{086710CF-D2BD-490B-BFD5-9ADDEC782946}.Debug|Any CPU.Build.0 = Debug|Any CPU
		{086710CF-D2BD-490B-BFD5-9ADDEC782946}.Release|Any CPU.ActiveCfg = Release|Any CPU
		{086710CF-D2BD-490B-BFD5-9ADDEC782946}.Release|Any CPU.Build.0 = Release|Any CPU
	EndGlobalSection
	GlobalSection(SolutionProperties) = preSolution
		HideSolutionNode = FALSE
	EndGlobalSection
	GlobalSection(ExtensibilityGlobals) = postSolution
		SolutionGuid = {1616B32A-1993-48F4-9F31-D9A850A9EBD6}
	EndGlobalSection
EndGlobal
